@@ -4415,7 +4415,7 @@ promise@^7.1.1:
  dependencies:
    asap "~2.0.3"

prop-types@15.7.2, prop-types@^15.6.0, prop-types@^15.6.1, prop-types@^15.6.2, prop-types@^15.7.2:
prop-types@15.7.2, prop-types@^15.5.10, prop-types@^15.6.0, prop-types@^15.6.1, prop-types@^15.6.2, prop-types@^15.7.2:
  version "15.7.2"
  resolved "https://registry.yarnpkg.com/prop-types/-/prop-types-15.7.2.tgz#52c41e75b8c87e72b9d9360e0206b99dcbffa6c5"
  integrity sha512-8QQikdH7//R2vurIJSutZ1smHYTcLpRWEOlHnzcWHmBYrOGUysKwSsrC89BCiFj3CbrfJ/nXFdJepOVrY1GCHQ==
@@ -4552,6 +4552,18 @@ react-native-screens@~2.9.0:
  resolved "https://registry.yarnpkg.com/react-native-screens/-/react-native-screens-2.9.0.tgz#ead2843107ba00fee259aa377582e457c74f1f3b"
  integrity sha512-5MaiUD6HA3nzY3JbVI8l3V7pKedtxQF3d8qktTVI0WmWXTI4QzqOU8r8fPVvfKo3MhOXwhWBjr+kQ7DZaIQQeg==

react-native-stars@^1.2.1:
  version "1.2.1"
  resolved "https://registry.yarnpkg.com/react-native-stars/-/react-native-stars-1.2.1.tgz#66d523ebaf0cdb58dbba6f24a7607914fe049994"
  integrity sha512-reeTED4Sizb4HXs3mGm2UFghtuC2D4v38tBgAajd4uQLTfzRDsBUXxxPfT+EqNSMOOk4lcXJ47mKDXD/gbbiaA==

react-native-swiper@^1.6.0:
  version "1.6.0"
  resolved "https://registry.yarnpkg.com/react-native-swiper/-/react-native-swiper-1.6.0.tgz#59fdbdf95addee49630312f27077622c27776819"
  integrity sha512-OnkTTZi+9uZUgy0uz1I9oYDhCU3z36lZn+LFsk9FXPRelxb/KeABzvPs3r3SrHWy1aA67KGtSFj0xNK2QD0NJQ==
  dependencies:
    prop-types "^15.5.10"

"react-native-swiper@git+https://github.com/FuYaoDe/react-native-swiper.git":
  version "1.4.4"
  resolved "git+https://github.com/FuYaoDe/react-native-swiper.git#a6417ff41a8b2d490bdcc4541015ab35736d4595"
